// !$*UTF8*$!
{
	archiveVersion = 1;
	classes = {
	};
	objectVersion = 46;
	objects = {

/* Begin PBXBuildFile section */
		617210F6496AD339134D855B /* Pods_iBeaconTestUITests.framework in Frameworks */ = {isa = PBXBuildFile; fileRef = A39E2C0841D38D2087E4EB14 /* Pods_iBeaconTestUITests.framework */; };
		69484404D153F52FCCB4F258 /* Pods_iBeaconTestTests.framework in Frameworks */ = {isa = PBXBuildFile; fileRef = F54F671B350754F169338789 /* Pods_iBeaconTestTests.framework */; };
		69E62255FC48BE6C15F74B4A /* Pods_iBeaconTest.framework in Frameworks */ = {isa = PBXBuildFile; fileRef = 5DFB44C84F9141FC671DE153 /* Pods_iBeaconTest.framework */; };
		B9021A1B1F3992A100C6B7AB /* AppDelegate.swift in Sources */ = {isa = PBXBuildFile; fileRef = B9021A1A1F3992A100C6B7AB /* AppDelegate.swift */; };
		B9021A201F3992A100C6B7AB /* Main.storyboard in Resources */ = {isa = PBXBuildFile; fileRef = B9021A1E1F3992A100C6B7AB /* Main.storyboard */; };
		B9021A221F3992A100C6B7AB /* Assets.xcassets in Resources */ = {isa = PBXBuildFile; fileRef = B9021A211F3992A100C6B7AB /* Assets.xcassets */; };
		B9021A251F3992A100C6B7AB /* LaunchScreen.storyboard in Resources */ = {isa = PBXBuildFile; fileRef = B9021A231F3992A100C6B7AB /* LaunchScreen.storyboard */; };
		B9021A301F3992A100C6B7AB /* iBeaconTestTests.swift in Sources */ = {isa = PBXBuildFile; fileRef = B9021A2F1F3992A100C6B7AB /* iBeaconTestTests.swift */; };
		B9021A3B1F3992A100C6B7AB /* iBeaconTestUITests.swift in Sources */ = {isa = PBXBuildFile; fileRef = B9021A3A1F3992A100C6B7AB /* iBeaconTestUITests.swift */; };
		B99E076E1F39B5E400F2D52A /* BeaconManager.swift in Sources */ = {isa = PBXBuildFile; fileRef = B99E076D1F39B5E400F2D52A /* BeaconManager.swift */; };
		B99E07711F3A0EFE00F2D52A /* UIBeaconViewController.swift in Sources */ = {isa = PBXBuildFile; fileRef = B99E076F1F3A0EFE00F2D52A /* UIBeaconViewController.swift */; };
		B99E07721F3A0EFE00F2D52A /* UIBeaconViewController.xib in Resources */ = {isa = PBXBuildFile; fileRef = B99E07701F3A0EFE00F2D52A /* UIBeaconViewController.xib */; };
/* End PBXBuildFile section */

/* Begin PBXContainerItemProxy section */
		B9021A2C1F3992A100C6B7AB /* PBXContainerItemProxy */ = {
			isa = PBXContainerItemProxy;
			containerPortal = B9021A0F1F3992A000C6B7AB /* Project object */;
			proxyType = 1;
			remoteGlobalIDString = B9021A161F3992A100C6B7AB;
			remoteInfo = iBeaconTest;
		};
		B9021A371F3992A100C6B7AB /* PBXContainerItemProxy */ = {
			isa = PBXContainerItemProxy;
			containerPortal = B9021A0F1F3992A000C6B7AB /* Project object */;
			proxyType = 1;
			remoteGlobalIDString = B9021A161F3992A100C6B7AB;
			remoteInfo = iBeaconTest;
		};
/* End PBXContainerItemProxy section */

/* Begin PBXFileReference section */
		14223319176FC174D21D1E3E /* Pods-iBeaconTest.debug.xcconfig */ = {isa = PBXFileReference; includeInIndex = 1; lastKnownFileType = text.xcconfig; name = "Pods-iBeaconTest.debug.xcconfig"; path = "Pods/Target Support Files/Pods-iBeaconTest/Pods-iBeaconTest.debug.xcconfig"; sourceTree = "<group>"; };
		28371D93E235C43E8154DB9B /* Pods-iBeaconTestTests.debug.xcconfig */ = {isa = PBXFileReference; includeInIndex = 1; lastKnownFileType = text.xcconfig; name = "Pods-iBeaconTestTests.debug.xcconfig"; path = "Pods/Target Support Files/Pods-iBeaconTestTests/Pods-iBeaconTestTests.debug.xcconfig"; sourceTree = "<group>"; };
		5DFB44C84F9141FC671DE153 /* Pods_iBeaconTest.framework */ = {isa = PBXFileReference; explicitFileType = wrapper.framework; includeInIndex = 0; path = Pods_iBeaconTest.framework; sourceTree = BUILT_PRODUCTS_DIR; };
		758DC2D36C6DB614815B69A1 /* Pods-iBeaconTestUITests.release.xcconfig */ = {isa = PBXFileReference; includeInIndex = 1; lastKnownFileType = text.xcconfig; name = "Pods-iBeaconTestUITests.release.xcconfig"; path = "Pods/Target Support Files/Pods-iBeaconTestUITests/Pods-iBeaconTestUITests.release.xcconfig"; sourceTree = "<group>"; };
		9CEEB4E6B4FBF354F6C1CA96 /* Pods-iBeaconTestTests.release.xcconfig */ = {isa = PBXFileReference; includeInIndex = 1; lastKnownFileType = text.xcconfig; name = "Pods-iBeaconTestTests.release.xcconfig"; path = "Pods/Target Support Files/Pods-iBeaconTestTests/Pods-iBeaconTestTests.release.xcconfig"; sourceTree = "<group>"; };
		A39E2C0841D38D2087E4EB14 /* Pods_iBeaconTestUITests.framework */ = {isa = PBXFileReference; explicitFileType = wrapper.framework; includeInIndex = 0; path = Pods_iBeaconTestUITests.framework; sourceTree = BUILT_PRODUCTS_DIR; };
		B9021A171F3992A100C6B7AB /* iBeaconTest.app */ = {isa = PBXFileReference; explicitFileType = wrapper.application; includeInIndex = 0; path = iBeaconTest.app; sourceTree = BUILT_PRODUCTS_DIR; };
		B9021A1A1F3992A100C6B7AB /* AppDelegate.swift */ = {isa = PBXFileReference; lastKnownFileType = sourcecode.swift; path = AppDelegate.swift; sourceTree = "<group>"; };
		B9021A1F1F3992A100C6B7AB /* Base */ = {isa = PBXFileReference; lastKnownFileType = file.storyboard; name = Base; path = Base.lproj/Main.storyboard; sourceTree = "<group>"; };
		B9021A211F3992A100C6B7AB /* Assets.xcassets */ = {isa = PBXFileReference; lastKnownFileType = folder.assetcatalog; path = Assets.xcassets; sourceTree = "<group>"; };
		B9021A241F3992A100C6B7AB /* Base */ = {isa = PBXFileReference; lastKnownFileType = file.storyboard; name = Base; path = Base.lproj/LaunchScreen.storyboard; sourceTree = "<group>"; };
		B9021A261F3992A100C6B7AB /* Info.plist */ = {isa = PBXFileReference; lastKnownFileType = text.plist.xml; path = Info.plist; sourceTree = "<group>"; };
		B9021A2B1F3992A100C6B7AB /* iBeaconTestTests.xctest */ = {isa = PBXFileReference; explicitFileType = wrapper.cfbundle; includeInIndex = 0; path = iBeaconTestTests.xctest; sourceTree = BUILT_PRODUCTS_DIR; };
		B9021A2F1F3992A100C6B7AB /* iBeaconTestTests.swift */ = {isa = PBXFileReference; lastKnownFileType = sourcecode.swift; path = iBeaconTestTests.swift; sourceTree = "<group>"; };
		B9021A311F3992A100C6B7AB /* Info.plist */ = {isa = PBXFileReference; lastKnownFileType = text.plist.xml; path = Info.plist; sourceTree = "<group>"; };
		B9021A361F3992A100C6B7AB /* iBeaconTestUITests.xctest */ = {isa = PBXFileReference; explicitFileType = wrapper.cfbundle; includeInIndex = 0; path = iBeaconTestUITests.xctest; sourceTree = BUILT_PRODUCTS_DIR; };
		B9021A3A1F3992A100C6B7AB /* iBeaconTestUITests.swift */ = {isa = PBXFileReference; lastKnownFileType = sourcecode.swift; path = iBeaconTestUITests.swift; sourceTree = "<group>"; };
		B9021A3C1F3992A100C6B7AB /* Info.plist */ = {isa = PBXFileReference; lastKnownFileType = text.plist.xml; path = Info.plist; sourceTree = "<group>"; };
		B99E07421F39AAAE00F2D52A /* iBeaconTest-Bridging-Header.h */ = {isa = PBXFileReference; lastKnownFileType = sourcecode.c.h; path = "iBeaconTest-Bridging-Header.h"; sourceTree = "<group>"; };
		B99E076D1F39B5E400F2D52A /* BeaconManager.swift */ = {isa = PBXFileReference; fileEncoding = 4; lastKnownFileType = sourcecode.swift; path = BeaconManager.swift; sourceTree = "<group>"; };
		B99E076F1F3A0EFE00F2D52A /* UIBeaconViewController.swift */ = {isa = PBXFileReference; fileEncoding = 4; lastKnownFileType = sourcecode.swift; path = UIBeaconViewController.swift; sourceTree = "<group>"; };
		B99E07701F3A0EFE00F2D52A /* UIBeaconViewController.xib */ = {isa = PBXFileReference; fileEncoding = 4; lastKnownFileType = file.xib; path = UIBeaconViewController.xib; sourceTree = "<group>"; };
		E2C6E0AE65932799147EE096 /* Pods-iBeaconTest.release.xcconfig */ = {isa = PBXFileReference; includeInIndex = 1; lastKnownFileType = text.xcconfig; name = "Pods-iBeaconTest.release.xcconfig"; path = "Pods/Target Support Files/Pods-iBeaconTest/Pods-iBeaconTest.release.xcconfig"; sourceTree = "<group>"; };
		F54F671B350754F169338789 /* Pods_iBeaconTestTests.framework */ = {isa = PBXFileReference; explicitFileType = wrapper.framework; includeInIndex = 0; path = Pods_iBeaconTestTests.framework; sourceTree = BUILT_PRODUCTS_DIR; };
		FDB2DC8A358FB3C3FFEF933C /* Pods-iBeaconTestUITests.debug.xcconfig */ = {isa = PBXFileReference; includeInIndex = 1; lastKnownFileType = text.xcconfig; name = "Pods-iBeaconTestUITests.debug.xcconfig"; path = "Pods/Target Support Files/Pods-iBeaconTestUITests/Pods-iBeaconTestUITests.debug.xcconfig"; sourceTree = "<group>"; };
/* End PBXFileReference section */

/* Begin PBXFrameworksBuildPhase section */
		B9021A141F3992A100C6B7AB /* Frameworks */ = {
			isa = PBXFrameworksBuildPhase;
			buildActionMask = 2147483647;
			files = (
				69E62255FC48BE6C15F74B4A /* Pods_iBeaconTest.framework in Frameworks */,
			);
			runOnlyForDeploymentPostprocessing = 0;
		};
		B9021A281F3992A100C6B7AB /* Frameworks */ = {
			isa = PBXFrameworksBuildPhase;
			buildActionMask = 2147483647;
			files = (
				69484404D153F52FCCB4F258 /* Pods_iBeaconTestTests.framework in Frameworks */,
			);
			runOnlyForDeploymentPostprocessing = 0;
		};
		B9021A331F3992A100C6B7AB /* Frameworks */ = {
			isa = PBXFrameworksBuildPhase;
			buildActionMask = 2147483647;
			files = (
				617210F6496AD339134D855B /* Pods_iBeaconTestUITests.framework in Frameworks */,
			);
			runOnlyForDeploymentPostprocessing = 0;
		};
/* End PBXFrameworksBuildPhase section */

/* Begin PBXGroup section */
		17C37DAA3E5BF97A4BA7622F /* Pods */ = {
			isa = PBXGroup;
			children = (
				14223319176FC174D21D1E3E /* Pods-iBeaconTest.debug.xcconfig */,
				E2C6E0AE65932799147EE096 /* Pods-iBeaconTest.release.xcconfig */,
				28371D93E235C43E8154DB9B /* Pods-iBeaconTestTests.debug.xcconfig */,
				9CEEB4E6B4FBF354F6C1CA96 /* Pods-iBeaconTestTests.release.xcconfig */,
				FDB2DC8A358FB3C3FFEF933C /* Pods-iBeaconTestUITests.debug.xcconfig */,
				758DC2D36C6DB614815B69A1 /* Pods-iBeaconTestUITests.release.xcconfig */,
			);
			name = Pods;
			sourceTree = "<group>";
		};
		521421CA7B13227DBA80C291 /* Frameworks */ = {
			isa = PBXGroup;
			children = (
				5DFB44C84F9141FC671DE153 /* Pods_iBeaconTest.framework */,
				F54F671B350754F169338789 /* Pods_iBeaconTestTests.framework */,
				A39E2C0841D38D2087E4EB14 /* Pods_iBeaconTestUITests.framework */,
			);
			name = Frameworks;
			sourceTree = "<group>";
		};
		B9021A0E1F3992A000C6B7AB = {
			isa = PBXGroup;
			children = (
				B9021A191F3992A100C6B7AB /* iBeaconTest */,
				B9021A2E1F3992A100C6B7AB /* iBeaconTestTests */,
				B9021A391F3992A100C6B7AB /* iBeaconTestUITests */,
				B9021A181F3992A100C6B7AB /* Products */,
				17C37DAA3E5BF97A4BA7622F /* Pods */,
				521421CA7B13227DBA80C291 /* Frameworks */,
			);
			sourceTree = "<group>";
		};
		B9021A181F3992A100C6B7AB /* Products */ = {
			isa = PBXGroup;
			children = (
				B9021A171F3992A100C6B7AB /* iBeaconTest.app */,
				B9021A2B1F3992A100C6B7AB /* iBeaconTestTests.xctest */,
				B9021A361F3992A100C6B7AB /* iBeaconTestUITests.xctest */,
			);
			name = Products;
			sourceTree = "<group>";
		};
		B9021A191F3992A100C6B7AB /* iBeaconTest */ = {
			isa = PBXGroup;
			children = (
				B99E076C1F39B5D600F2D52A /* Managers */,
				B99E07461F39AB0000F2D52A /* ViewControllers */,
				B99E07451F39AAEE00F2D52A /* Configs */,
			);
			path = iBeaconTest;
			sourceTree = "<group>";
		};
		B9021A2E1F3992A100C6B7AB /* iBeaconTestTests */ = {
			isa = PBXGroup;
			children = (
				B9021A2F1F3992A100C6B7AB /* iBeaconTestTests.swift */,
				B9021A311F3992A100C6B7AB /* Info.plist */,
			);
			path = iBeaconTestTests;
			sourceTree = "<group>";
		};
		B9021A391F3992A100C6B7AB /* iBeaconTestUITests */ = {
			isa = PBXGroup;
			children = (
				B9021A3A1F3992A100C6B7AB /* iBeaconTestUITests.swift */,
				B9021A3C1F3992A100C6B7AB /* Info.plist */,
			);
			path = iBeaconTestUITests;
			sourceTree = "<group>";
		};
		B99E07451F39AAEE00F2D52A /* Configs */ = {
			isa = PBXGroup;
			children = (
				B9021A1A1F3992A100C6B7AB /* AppDelegate.swift */,
				B9021A1E1F3992A100C6B7AB /* Main.storyboard */,
				B9021A211F3992A100C6B7AB /* Assets.xcassets */,
				B9021A231F3992A100C6B7AB /* LaunchScreen.storyboard */,
				B9021A261F3992A100C6B7AB /* Info.plist */,
				B99E07421F39AAAE00F2D52A /* iBeaconTest-Bridging-Header.h */,
			);
			name = Configs;
			sourceTree = "<group>";
		};
		B99E07461F39AB0000F2D52A /* ViewControllers */ = {
			isa = PBXGroup;
			children = (
				B99E076F1F3A0EFE00F2D52A /* UIBeaconViewController.swift */,
				B99E07701F3A0EFE00F2D52A /* UIBeaconViewController.xib */,
			);
			name = ViewControllers;
			sourceTree = "<group>";
		};
		B99E076C1F39B5D600F2D52A /* Managers */ = {
			isa = PBXGroup;
			children = (
				B99E076D1F39B5E400F2D52A /* BeaconManager.swift */,
			);
			name = Managers;
			sourceTree = "<group>";
		};
/* End PBXGroup section */

/* Begin PBXNativeTarget section */
		B9021A161F3992A100C6B7AB /* iBeaconTest */ = {
			isa = PBXNativeTarget;
			buildConfigurationList = B9021A3F1F3992A100C6B7AB /* Build configuration list for PBXNativeTarget "iBeaconTest" */;
			buildPhases = (
				97DCC78E5B40123B90DF3F3E /* [CP] Check Pods Manifest.lock */,
				B9021A131F3992A100C6B7AB /* Sources */,
				B9021A141F3992A100C6B7AB /* Frameworks */,
				B9021A151F3992A100C6B7AB /* Resources */,
				41544B7DE9942793B08DAD92 /* [CP] Embed Pods Frameworks */,
				1A9EC1FC0D70CC5265975EA9 /* [CP] Copy Pods Resources */,
			);
			buildRules = (
			);
			dependencies = (
			);
			name = iBeaconTest;
			productName = iBeaconTest;
			productReference = B9021A171F3992A100C6B7AB /* iBeaconTest.app */;
			productType = "com.apple.product-type.application";
		};
		B9021A2A1F3992A100C6B7AB /* iBeaconTestTests */ = {
			isa = PBXNativeTarget;
			buildConfigurationList = B9021A421F3992A100C6B7AB /* Build configuration list for PBXNativeTarget "iBeaconTestTests" */;
			buildPhases = (
				F72D3655B994718AE2CE09DF /* [CP] Check Pods Manifest.lock */,
				B9021A271F3992A100C6B7AB /* Sources */,
				B9021A281F3992A100C6B7AB /* Frameworks */,
				B9021A291F3992A100C6B7AB /* Resources */,
				BBF0787E909FA2DE88AB0CBC /* [CP] Embed Pods Frameworks */,
				8F9D8C8BE6E65ADC59DB9CC7 /* [CP] Copy Pods Resources */,
			);
			buildRules = (
			);
			dependencies = (
				B9021A2D1F3992A100C6B7AB /* PBXTargetDependency */,
			);
			name = iBeaconTestTests;
			productName = iBeaconTestTests;
			productReference = B9021A2B1F3992A100C6B7AB /* iBeaconTestTests.xctest */;
			productType = "com.apple.product-type.bundle.unit-test";
		};
		B9021A351F3992A100C6B7AB /* iBeaconTestUITests */ = {
			isa = PBXNativeTarget;
			buildConfigurationList = B9021A451F3992A100C6B7AB /* Build configuration list for PBXNativeTarget "iBeaconTestUITests" */;
			buildPhases = (
				1A9103BAF8AB1E587D654D64 /* [CP] Check Pods Manifest.lock */,
				B9021A321F3992A100C6B7AB /* Sources */,
				B9021A331F3992A100C6B7AB /* Frameworks */,
				B9021A341F3992A100C6B7AB /* Resources */,
				BBC587239A01DD9C5B015BC6 /* [CP] Embed Pods Frameworks */,
				CC78F920E991F9483FDE69A2 /* [CP] Copy Pods Resources */,
			);
			buildRules = (
			);
			dependencies = (
				B9021A381F3992A100C6B7AB /* PBXTargetDependency */,
			);
			name = iBeaconTestUITests;
			productName = iBeaconTestUITests;
			productReference = B9021A361F3992A100C6B7AB /* iBeaconTestUITests.xctest */;
			productType = "com.apple.product-type.bundle.ui-testing";
		};
/* End PBXNativeTarget section */

/* Begin PBXProject section */
		B9021A0F1F3992A000C6B7AB /* Project object */ = {
			isa = PBXProject;
			attributes = {
				LastSwiftUpdateCheck = 0830;
				LastUpgradeCheck = 0830;
				ORGANIZATIONNAME = "Cristi Sava";
				TargetAttributes = {
					B9021A161F3992A100C6B7AB = {
						CreatedOnToolsVersion = 8.3.3;
						DevelopmentTeam = 9ARGHARU34;
						LastSwiftMigration = 0830;
						ProvisioningStyle = Automatic;
					};
					B9021A2A1F3992A100C6B7AB = {
						CreatedOnToolsVersion = 8.3.3;
						ProvisioningStyle = Automatic;
						TestTargetID = B9021A161F3992A100C6B7AB;
					};
					B9021A351F3992A100C6B7AB = {
						CreatedOnToolsVersion = 8.3.3;
						ProvisioningStyle = Automatic;
						TestTargetID = B9021A161F3992A100C6B7AB;
					};
				};
			};
			buildConfigurationList = B9021A121F3992A000C6B7AB /* Build configuration list for PBXProject "iBeaconTest" */;
			compatibilityVersion = "Xcode 3.2";
			developmentRegion = English;
			hasScannedForEncodings = 0;
			knownRegions = (
				en,
				Base,
			);
			mainGroup = B9021A0E1F3992A000C6B7AB;
			productRefGroup = B9021A181F3992A100C6B7AB /* Products */;
			projectDirPath = "";
			projectRoot = "";
			targets = (
				B9021A161F3992A100C6B7AB /* iBeaconTest */,
				B9021A2A1F3992A100C6B7AB /* iBeaconTestTests */,
				B9021A351F3992A100C6B7AB /* iBeaconTestUITests */,
			);
		};
/* End PBXProject section */

/* Begin PBXResourcesBuildPhase section */
		B9021A151F3992A100C6B7AB /* Resources */ = {
			isa = PBXResourcesBuildPhase;
			buildActionMask = 2147483647;
			files = (
				B99E07721F3A0EFE00F2D52A /* UIBeaconViewController.xib in Resources */,
				B9021A251F3992A100C6B7AB /* LaunchScreen.storyboard in Resources */,
				B9021A221F3992A100C6B7AB /* Assets.xcassets in Resources */,
				B9021A201F3992A100C6B7AB /* Main.storyboard in Resources */,
			);
			runOnlyForDeploymentPostprocessing = 0;
		};
		B9021A291F3992A100C6B7AB /* Resources */ = {
			isa = PBXResourcesBuildPhase;
			buildActionMask = 2147483647;
			files = (
			);
			runOnlyForDeploymentPostprocessing = 0;
		};
		B9021A341F3992A100C6B7AB /* Resources */ = {
			isa = PBXResourcesBuildPhase;
			buildActionMask = 2147483647;
			files = (
			);
			runOnlyForDeploymentPostprocessing = 0;
		};
/* End PBXResourcesBuildPhase section */

/* Begin PBXShellScriptBuildPhase section */
		1A9103BAF8AB1E587D654D64 /* [CP] Check Pods Manifest.lock */ = {
			isa = PBXShellScriptBuildPhase;
			buildActionMask = 2147483647;
			files = (
			);
			inputPaths = (
				"${PODS_PODFILE_DIR_PATH}/Podfile.lock",
				"${PODS_ROOT}/Manifest.lock",
			);
			name = "[CP] Check Pods Manifest.lock";
			outputPaths = (
				"$(DERIVED_FILE_DIR)/Pods-iBeaconTestUITests-checkManifestLockResult.txt",
			);
			runOnlyForDeploymentPostprocessing = 0;
			shellPath = /bin/sh;
			shellScript = "diff \"${PODS_PODFILE_DIR_PATH}/Podfile.lock\" \"${PODS_ROOT}/Manifest.lock\" > /dev/null\nif [ $? != 0 ] ; then\n    # print error to STDERR\n    echo \"error: The sandbox is not in sync with the Podfile.lock. Run 'pod install' or update your CocoaPods installation.\" >&2\n    exit 1\nfi\n# This output is used by Xcode 'outputs' to avoid re-running this script phase.\necho \"SUCCESS\" > \"${SCRIPT_OUTPUT_FILE_0}\"\n";
			showEnvVarsInLog = 0;
		};
		1A9EC1FC0D70CC5265975EA9 /* [CP] Copy Pods Resources */ = {
			isa = PBXShellScriptBuildPhase;
			buildActionMask = 2147483647;
			files = (
			);
			inputPaths = (
			);
			name = "[CP] Copy Pods Resources";
			outputPaths = (
			);
			runOnlyForDeploymentPostprocessing = 0;
			shellPath = /bin/sh;
			shellScript = "\"${SRCROOT}/Pods/Target Support Files/Pods-iBeaconTest/Pods-iBeaconTest-resources.sh\"\n";
			showEnvVarsInLog = 0;
		};
		41544B7DE9942793B08DAD92 /* [CP] Embed Pods Frameworks */ = {
			isa = PBXShellScriptBuildPhase;
			buildActionMask = 2147483647;
			files = (
			);
			inputPaths = (
			);
			name = "[CP] Embed Pods Frameworks";
			outputPaths = (
			);
			runOnlyForDeploymentPostprocessing = 0;
			shellPath = /bin/sh;
			shellScript = "\"${SRCROOT}/Pods/Target Support Files/Pods-iBeaconTest/Pods-iBeaconTest-frameworks.sh\"\n";
			showEnvVarsInLog = 0;
		};
		8F9D8C8BE6E65ADC59DB9CC7 /* [CP] Copy Pods Resources */ = {
			isa = PBXShellScriptBuildPhase;
			buildActionMask = 2147483647;
			files = (
			);
			inputPaths = (
			);
			name = "[CP] Copy Pods Resources";
			outputPaths = (
			);
			runOnlyForDeploymentPostprocessing = 0;
			shellPath = /bin/sh;
			shellScript = "\"${SRCROOT}/Pods/Target Support Files/Pods-iBeaconTestTests/Pods-iBeaconTestTests-resources.sh\"\n";
			showEnvVarsInLog = 0;
		};
		97DCC78E5B40123B90DF3F3E /* [CP] Check Pods Manifest.lock */ = {
			isa = PBXShellScriptBuildPhase;
			buildActionMask = 2147483647;
			files = (
			);
			inputPaths = (
				"${PODS_PODFILE_DIR_PATH}/Podfile.lock",
				"${PODS_ROOT}/Manifest.lock",
			);
			name = "[CP] Check Pods Manifest.lock";
			outputPaths = (
				"$(DERIVED_FILE_DIR)/Pods-iBeaconTest-checkManifestLockResult.txt",
			);
			runOnlyForDeploymentPostprocessing = 0;
			shellPath = /bin/sh;
			shellScript = "diff \"${PODS_PODFILE_DIR_PATH}/Podfile.lock\" \"${PODS_ROOT}/Manifest.lock\" > /dev/null\nif [ $? != 0 ] ; then\n    # print error to STDERR\n    echo \"error: The sandbox is not in sync with the Podfile.lock. Run 'pod install' or update your CocoaPods installation.\" >&2\n    exit 1\nfi\n# This output is used by Xcode 'outputs' to avoid re-running this script phase.\necho \"SUCCESS\" > \"${SCRIPT_OUTPUT_FILE_0}\"\n";
			showEnvVarsInLog = 0;
		};
		BBC587239A01DD9C5B015BC6 /* [CP] Embed Pods Frameworks */ = {
			isa = PBXShellScriptBuildPhase;
			buildActionMask = 2147483647;
			files = (
			);
			inputPaths = (
			);
			name = "[CP] Embed Pods Frameworks";
			outputPaths = (
			);
			runOnlyForDeploymentPostprocessing = 0;
			shellPath = /bin/sh;
			shellScript = "\"${SRCROOT}/Pods/Target Support Files/Pods-iBeaconTestUITests/Pods-iBeaconTestUITests-frameworks.sh\"\n";
			showEnvVarsInLog = 0;
		};
		BBF0787E909FA2DE88AB0CBC /* [CP] Embed Pods Frameworks */ = {
			isa = PBXShellScriptBuildPhase;
			buildActionMask = 2147483647;
			files = (
			);
			inputPaths = (
			);
			name = "[CP] Embed Pods Frameworks";
			outputPaths = (
			);
			runOnlyForDeploymentPostprocessing = 0;
			shellPath = /bin/sh;
			shellScript = "\"${SRCROOT}/Pods/Target Support Files/Pods-iBeaconTestTests/Pods-iBeaconTestTests-frameworks.sh\"\n";
			showEnvVarsInLog = 0;
		};
		CC78F920E991F9483FDE69A2 /* [CP] Copy Pods Resources */ = {
			isa = PBXShellScriptBuildPhase;
			buildActionMask = 2147483647;
			files = (
			);
			inputPaths = (
			);
			name = "[CP] Copy Pods Resources";
			outputPaths = (
			);
			runOnlyForDeploymentPostprocessing = 0;
			shellPath = /bin/sh;
			shellScript = "\"${SRCROOT}/Pods/Target Support Files/Pods-iBeaconTestUITests/Pods-iBeaconTestUITests-resources.sh\"\n";
			showEnvVarsInLog = 0;
		};
		F72D3655B994718AE2CE09DF /* [CP] Check Pods Manifest.lock */ = {
			isa = PBXShellScriptBuildPhase;
			buildActionMask = 2147483647;
			files = (
			);
			inputPaths = (
				"${PODS_PODFILE_DIR_PATH}/Podfile.lock",
				"${PODS_ROOT}/Manifest.lock",
			);
			name = "[CP] Check Pods Manifest.lock";
			outputPaths = (
				"$(DERIVED_FILE_DIR)/Pods-iBeaconTestTests-checkManifestLockResult.txt",
			);
			runOnlyForDeploymentPostprocessing = 0;
			shellPath = /bin/sh;
			shellScript = "diff \"${PODS_PODFILE_DIR_PATH}/Podfile.lock\" \"${PODS_ROOT}/Manifest.lock\" > /dev/null\nif [ $? != 0 ] ; then\n    # print error to STDERR\n    echo \"error: The sandbox is not in sync with the Podfile.lock. Run 'pod install' or update your CocoaPods installation.\" >&2\n    exit 1\nfi\n# This output is used by Xcode 'outputs' to avoid re-running this script phase.\necho \"SUCCESS\" > \"${SCRIPT_OUTPUT_FILE_0}\"\n";
			showEnvVarsInLog = 0;
		};
/* End PBXShellScriptBuildPhase section */

/* Begin PBXSourcesBuildPhase section */
		B9021A131F3992A100C6B7AB /* Sources */ = {
			isa = PBXSourcesBuildPhase;
			buildActionMask = 2147483647;
			files = (
				B99E07711F3A0EFE00F2D52A /* UIBeaconViewController.swift in Sources */,
				B99E076E1F39B5E400F2D52A /* BeaconManager.swift in Sources */,
				B9021A1B1F3992A100C6B7AB /* AppDelegate.swift in Sources */,
			);
			runOnlyForDeploymentPostprocessing = 0;
		};
		B9021A271F3992A100C6B7AB /* Sources */ = {
			isa = PBXSourcesBuildPhase;
			buildActionMask = 2147483647;
			files = (
				B9021A301F3992A100C6B7AB /* iBeaconTestTests.swift in Sources */,
			);
			runOnlyForDeploymentPostprocessing = 0;
		};
		B9021A321F3992A100C6B7AB /* Sources */ = {
			isa = PBXSourcesBuildPhase;
			buildActionMask = 2147483647;
			files = (
				B9021A3B1F3992A100C6B7AB /* iBeaconTestUITests.swift in Sources */,
			);
			runOnlyForDeploymentPostprocessing = 0;
		};
/* End PBXSourcesBuildPhase section */

/* Begin PBXTargetDependency section */
		B9021A2D1F3992A100C6B7AB /* PBXTargetDependency */ = {
			isa = PBXTargetDependency;
			target = B9021A161F3992A100C6B7AB /* iBeaconTest */;
			targetProxy = B9021A2C1F3992A100C6B7AB /* PBXContainerItemProxy */;
		};
		B9021A381F3992A100C6B7AB /* PBXTargetDependency */ = {
			isa = PBXTargetDependency;
			target = B9021A161F3992A100C6B7AB /* iBeaconTest */;
			targetProxy = B9021A371F3992A100C6B7AB /* PBXContainerItemProxy */;
		};
/* End PBXTargetDependency section */

/* Begin PBXVariantGroup section */
		B9021A1E1F3992A100C6B7AB /* Main.storyboard */ = {
			isa = PBXVariantGroup;
			children = (
				B9021A1F1F3992A100C6B7AB /* Base */,
			);
			name = Main.storyboard;
			sourceTree = "<group>";
		};
		B9021A231F3992A100C6B7AB /* LaunchScreen.storyboard */ = {
			isa = PBXVariantGroup;
			children = (
				B9021A241F3992A100C6B7AB /* Base */,
			);
			name = LaunchScreen.storyboard;
			sourceTree = "<group>";
		};
/* End PBXVariantGroup section */

/* Begin XCBuildConfiguration section */
		B9021A3D1F3992A100C6B7AB /* Debug */ = {
			isa = XCBuildConfiguration;
			buildSettings = {
				ALWAYS_SEARCH_USER_PATHS = NO;
				CLANG_ANALYZER_NONNULL = YES;
				CLANG_ANALYZER_NUMBER_OBJECT_CONVERSION = YES_AGGRESSIVE;
				CLANG_CXX_LANGUAGE_STANDARD = "gnu++0x";
				CLANG_CXX_LIBRARY = "libc++";
				CLANG_ENABLE_MODULES = YES;
				CLANG_ENABLE_OBJC_ARC = YES;
				CLANG_WARN_BOOL_CONVERSION = YES;
				CLANG_WARN_CONSTANT_CONVERSION = YES;
				CLANG_WARN_DIRECT_OBJC_ISA_USAGE = YES_ERROR;
				CLANG_WARN_DOCUMENTATION_COMMENTS = YES;
				CLANG_WARN_EMPTY_BODY = YES;
				CLANG_WARN_ENUM_CONVERSION = YES;
				CLANG_WARN_INFINITE_RECURSION = YES;
				CLANG_WARN_INT_CONVERSION = YES;
				CLANG_WARN_OBJC_ROOT_CLASS = YES_ERROR;
				CLANG_WARN_SUSPICIOUS_MOVE = YES;
				CLANG_WARN_UNREACHABLE_CODE = YES;
				CLANG_WARN__DUPLICATE_METHOD_MATCH = YES;
				"CODE_SIGN_IDENTITY[sdk=iphoneos*]" = "iPhone Developer";
				COPY_PHASE_STRIP = NO;
				DEBUG_INFORMATION_FORMAT = dwarf;
				ENABLE_STRICT_OBJC_MSGSEND = YES;
				ENABLE_TESTABILITY = YES;
				GCC_C_LANGUAGE_STANDARD = gnu99;
				GCC_DYNAMIC_NO_PIC = NO;
				GCC_NO_COMMON_BLOCKS = YES;
				GCC_OPTIMIZATION_LEVEL = 0;
				GCC_PREPROCESSOR_DEFINITIONS = (
					"DEBUG=1",
					"$(inherited)",
				);
				GCC_WARN_64_TO_32_BIT_CONVERSION = YES;
				GCC_WARN_ABOUT_RETURN_TYPE = YES_ERROR;
				GCC_WARN_UNDECLARED_SELECTOR = YES;
				GCC_WARN_UNINITIALIZED_AUTOS = YES_AGGRESSIVE;
				GCC_WARN_UNUSED_FUNCTION = YES;
				GCC_WARN_UNUSED_VARIABLE = YES;
				IPHONEOS_DEPLOYMENT_TARGET = 10.3;
				MTL_ENABLE_DEBUG_INFO = YES;
				ONLY_ACTIVE_ARCH = YES;
				SDKROOT = iphoneos;
				SWIFT_ACTIVE_COMPILATION_CONDITIONS = DEBUG;
				SWIFT_OPTIMIZATION_LEVEL = "-Onone";
				TARGETED_DEVICE_FAMILY = "1,2";
			};
			name = Debug;
		};
		B9021A3E1F3992A100C6B7AB /* Release */ = {
			isa = XCBuildConfiguration;
			buildSettings = {
				ALWAYS_SEARCH_USER_PATHS = NO;
				CLANG_ANALYZER_NONNULL = YES;
				CLANG_ANALYZER_NUMBER_OBJECT_CONVERSION = YES_AGGRESSIVE;
				CLANG_CXX_LANGUAGE_STANDARD = "gnu++0x";
				CLANG_CXX_LIBRARY = "libc++";
				CLANG_ENABLE_MODULES = YES;
				CLANG_ENABLE_OBJC_ARC = YES;
				CLANG_WARN_BOOL_CONVERSION = YES;
				CLANG_WARN_CONSTANT_CONVERSION = YES;
				CLANG_WARN_DIRECT_OBJC_ISA_USAGE = YES_ERROR;
				CLANG_WARN_DOCUMENTATION_COMMENTS = YES;
				CLANG_WARN_EMPTY_BODY = YES;
				CLANG_WARN_ENUM_CONVERSION = YES;
				CLANG_WARN_INFINITE_RECURSION = YES;
				CLANG_WARN_INT_CONVERSION = YES;
				CLANG_WARN_OBJC_ROOT_CLASS = YES_ERROR;
				CLANG_WARN_SUSPICIOUS_MOVE = YES;
				CLANG_WARN_UNREACHABLE_CODE = YES;
				CLANG_WARN__DUPLICATE_METHOD_MATCH = YES;
				"CODE_SIGN_IDENTITY[sdk=iphoneos*]" = "iPhone Developer";
				COPY_PHASE_STRIP = NO;
				DEBUG_INFORMATION_FORMAT = "dwarf-with-dsym";
				ENABLE_NS_ASSERTIONS = NO;
				ENABLE_STRICT_OBJC_MSGSEND = YES;
				GCC_C_LANGUAGE_STANDARD = gnu99;
				GCC_NO_COMMON_BLOCKS = YES;
				GCC_WARN_64_TO_32_BIT_CONVERSION = YES;
				GCC_WARN_ABOUT_RETURN_TYPE = YES_ERROR;
				GCC_WARN_UNDECLARED_SELECTOR = YES;
				GCC_WARN_UNINITIALIZED_AUTOS = YES_AGGRESSIVE;
				GCC_WARN_UNUSED_FUNCTION = YES;
				GCC_WARN_UNUSED_VARIABLE = YES;
				IPHONEOS_DEPLOYMENT_TARGET = 10.3;
				MTL_ENABLE_DEBUG_INFO = NO;
				SDKROOT = iphoneos;
				SWIFT_OPTIMIZATION_LEVEL = "-Owholemodule";
				TARGETED_DEVICE_FAMILY = "1,2";
				VALIDATE_PRODUCT = YES;
			};
			name = Release;
		};
		B9021A401F3992A100C6B7AB /* Debug */ = {
			isa = XCBuildConfiguration;
			baseConfigurationReference = 14223319176FC174D21D1E3E /* Pods-iBeaconTest.debug.xcconfig */;
			buildSettings = {
				ASSETCATALOG_COMPILER_APPICON_NAME = AppIcon;
				CLANG_ENABLE_MODULES = YES;
				"CODE_SIGN_IDENTITY[sdk=iphoneos*]" = "iPhone Developer";
				DEVELOPMENT_TEAM = 9ARGHARU34;
				INFOPLIST_FILE = iBeaconTest/Info.plist;
				LD_RUNPATH_SEARCH_PATHS = "$(inherited) @executable_path/Frameworks";
				PRODUCT_BUNDLE_IDENTIFIER = intelligentBee.iBeaconTest;
				PRODUCT_NAME = "$(TARGET_NAME)";
				PROVISIONING_PROFILE_SPECIFIER = "";
				SWIFT_OBJC_BRIDGING_HEADER = "iBeaconTest/iBeaconTest-Bridging-Header.h";
				SWIFT_OPTIMIZATION_LEVEL = "-Onone";
				SWIFT_VERSION = 3.0;
			};
			name = Debug;
		};
		B9021A411F3992A100C6B7AB /* Release */ = {
			isa = XCBuildConfiguration;
			baseConfigurationReference = E2C6E0AE65932799147EE096 /* Pods-iBeaconTest.release.xcconfig */;
			buildSettings = {
				ASSETCATALOG_COMPILER_APPICON_NAME = AppIcon;
				CLANG_ENABLE_MODULES = YES;
				"CODE_SIGN_IDENTITY[sdk=iphoneos*]" = "iPhone Developer";
				DEVELOPMENT_TEAM = 9ARGHARU34;
				INFOPLIST_FILE = iBeaconTest/Info.plist;
				LD_RUNPATH_SEARCH_PATHS = "$(inherited) @executable_path/Frameworks";
				PRODUCT_BUNDLE_IDENTIFIER = intelligentBee.iBeaconTest;
				PRODUCT_NAME = "$(TARGET_NAME)";
				PROVISIONING_PROFILE_SPECIFIER = "";
				SWIFT_OBJC_BRIDGING_HEADER = "iBeaconTest/iBeaconTest-Bridging-Header.h";
				SWIFT_VERSION = 3.0;
			};
			name = Release;
		};
		B9021A431F3992A100C6B7AB /* Debug */ = {
			isa = XCBuildConfiguration;
			baseConfigurationReference = 28371D93E235C43E8154DB9B /* Pods-iBeaconTestTests.debug.xcconfig */;
			buildSettings = {
				ALWAYS_EMBED_SWIFT_STANDARD_LIBRARIES = YES;
				BUNDLE_LOADER = "$(TEST_HOST)";
				INFOPLIST_FILE = iBeaconTestTests/Info.plist;
				LD_RUNPATH_SEARCH_PATHS = "$(inherited) @executable_path/Frameworks @loader_path/Frameworks";
				PRODUCT_BUNDLE_IDENTIFIER = intelligentBee.iBeaconTestTests;
				PRODUCT_NAME = "$(TARGET_NAME)";
				SWIFT_VERSION = 3.0;
				TEST_HOST = "$(BUILT_PRODUCTS_DIR)/iBeaconTest.app/iBeaconTest";
			};
			name = Debug;
		};
		B9021A441F3992A100C6B7AB /* Release */ = {
			isa = XCBuildConfiguration;
			baseConfigurationReference = 9CEEB4E6B4FBF354F6C1CA96 /* Pods-iBeaconTestTests.release.xcconfig */;
			buildSettings = {
				ALWAYS_EMBED_SWIFT_STANDARD_LIBRARIES = YES;
				BUNDLE_LOADER = "$(TEST_HOST)";
				INFOPLIST_FILE = iBeaconTestTests/Info.plist;
				LD_RUNPATH_SEARCH_PATHS = "$(inherited) @executable_path/Frameworks @loader_path/Frameworks";
				PRODUCT_BUNDLE_IDENTIFIER = intelligentBee.iBeaconTestTests;
				PRODUCT_NAME = "$(TARGET_NAME)";
				SWIFT_VERSION = 3.0;
				TEST_HOST = "$(BUILT_PRODUCTS_DIR)/iBeaconTest.app/iBeaconTest";
			};
			name = Release;
		};
		B9021A461F3992A100C6B7AB /* Debug */ = {
			isa = XCBuildConfiguration;
			baseConfigurationReference = FDB2DC8A358FB3C3FFEF933C /* Pods-iBeaconTestUITests.debug.xcconfig */;
			buildSettings = {
				ALWAYS_EMBED_SWIFT_STANDARD_LIBRARIES = YES;
				INFOPLIST_FILE = iBeaconTestUITests/Info.plist;
				LD_RUNPATH_SEARCH_PATHS = "$(inherited) @executable_path/Frameworks @loader_path/Frameworks";
				PRODUCT_BUNDLE_IDENTIFIER = intelligentBee.iBeaconTestUITests;
				PRODUCT_NAME = "$(TARGET_NAME)";
				SWIFT_VERSION = 3.0;
				TEST_TARGET_NAME = iBeaconTest;
			};
			name = Debug;
		};
		B9021A471F3992A100C6B7AB /* Release */ = {
			isa = XCBuildConfiguration;
			baseConfigurationReference = 758DC2D36C6DB614815B69A1 /* Pods-iBeaconTestUITests.release.xcconfig */;
			buildSettings = {
				ALWAYS_EMBED_SWIFT_STANDARD_LIBRARIES = YES;
				INFOPLIST_FILE = iBeaconTestUITests/Info.plist;
				LD_RUNPATH_SEARCH_PATHS = "$(inherited) @executable_path/Frameworks @loader_path/Frameworks";
				PRODUCT_BUNDLE_IDENTIFIER = intelligentBee.iBeaconTestUITests;
				PRODUCT_NAME = "$(TARGET_NAME)";
				SWIFT_VERSION = 3.0;
				TEST_TARGET_NAME = iBeaconTest;
			};
			name = Release;
		};
/* End XCBuildConfiguration section */

/* Begin XCConfigurationList section */
		B9021A121F3992A000C6B7AB /* Build configuration list for PBXProject "iBeaconTest" */ = {
			isa = XCConfigurationList;
			buildConfigurations = (
				B9021A3D1F3992A100C6B7AB /* Debug */,
				B9021A3E1F3992A100C6B7AB /* Release */,
			);
			defaultConfigurationIsVisible = 0;
			defaultConfigurationName = Release;
		};
		B9021A3F1F3992A100C6B7AB /* Build configuration list for PBXNativeTarget "iBeaconTest" */ = {
			isa = XCConfigurationList;
			buildConfigurations = (
				B9021A401F3992A100C6B7AB /* Debug */,
				B9021A411F3992A100C6B7AB /* Release */,
			);
			defaultConfigurationIsVisible = 0;
			defaultConfigurationName = Release;
		};
		B9021A421F3992A100C6B7AB /* Build configuration list for PBXNativeTarget "iBeaconTestTests" */ = {
			isa = XCConfigurationList;
			buildConfigurations = (
				B9021A431F3992A100C6B7AB /* Debug */,
				B9021A441F3992A100C6B7AB /* Release */,
			);
			defaultConfigurationIsVisible = 0;
			defaultConfigurationName = Release;
		};
		B9021A451F3992A100C6B7AB /* Build configuration list for PBXNativeTarget "iBeaconTestUITests" */ = {
			isa = XCConfigurationList;
			buildConfigurations = (
				B9021A461F3992A100C6B7AB /* Debug */,
				B9021A471F3992A100C6B7AB /* Release */,
			);
			defaultConfigurationIsVisible = 0;
			defaultConfigurationName = Release;
		};
/* End XCConfigurationList section */
	};
	rootObject = B9021A0F1F3992A000C6B7AB /* Project object */;
}
